hash: 8dc54caa6a6f6df3189d028d7ddb67375128852251bd50996d30aca1590d37d8
updated: 2017-05-11T16:26:03.058014974-07:00
imports:
- name: github.com/alecthomas/template
  version: a0175ee3bccc567396460bf5acd36800cb10c49c
  subpackages:
  - parse
- name: github.com/alecthomas/units
  version: 2efee857e7cfd4f3d0138cc3cbb1b4966962b93a
- name: github.com/docker/distribution
  version: 4e17ab5d319ac5b70b2769442947567a83386fbc
  subpackages:
  - digest
  - reference
- name: github.com/docker/engine-api
  version: 3d1601b9d2436a70b0dfc045a23f6503d19195df
  subpackages:
  - client
  - client/transport
  - client/transport/cancellable
  - types
  - types/blkiodev
  - types/container
  - types/events
  - types/filters
  - types/network
  - types/reference
  - types/registry
  - types/strslice
  - types/swarm
  - types/time
  - types/versions
- name: github.com/docker/go-connections
  version: 990a1a1a70b0da4c4cb70e117971a4f0babfbf1a
  subpackages:
  - nat
  - sockets
  - tlsconfig
- name: github.com/docker/go-units
  version: f2d77a61e3c169b43402a0a1e84f06daf29b8190
- name: github.com/elazarl/goproxy
  version: aacba83f36a55ac31cbb71c06547a328c0cd1604
- name: github.com/gorilla/mux
  version: 392c28fe23e1c45ddba891b0320b3b5df220beea
- name: github.com/inconshreveable/go-vhost
  version: 06d84117953b22058c096b49a429ebd4f3d3d97b
- name: github.com/Microsoft/go-winio
  version: ce2922f643c8fd76b46cadc7f404a06282678b34
- name: github.com/miekg/dns
  version: 5d001d020961ae1c184f9f8152fdc73810481677
- name: github.com/olebedev/emitter
  version: 9110dbae3d07cb26c2993dbf3bdbd0aad98329f9
- name: github.com/op/go-logging
  version: b2cb9fa56473e98db8caba80237377e83fe44db5
- name: github.com/opencontainers/runc
  version: 7221e387826c9918fa9fd6e7975baf4d30c8fa54
  subpackages:
  - libcontainer/user
- name: github.com/Sirupsen/logrus
  version: 55eb11d21d2a31a3cc93838241d04800f52e823d
  subpackages:
  - formatters/logstash
- name: github.com/vdemeester/docker-events
  version: be74d4929ec1ad118df54349fda4b0cba60f849b
- name: golang.org/x/net
  version: 4876518f9e71663000c348837735820161a42df7
  subpackages:
  - context
  - proxy
- name: golang.org/x/sys
  version: 62bee037599929a6e9146f29d10dd5208c43507d
  subpackages:
  - windows
- name: gopkg.in/alecthomas/kingpin.v2
  version: 7f0871f2e17818990e4eed73f9b5c2f429501228
testImports: []
